// !$*UTF8*$!
{
	archiveVersion = 1;
	classes = {
	};
	objectVersion = 55;
	objects = {

/* Begin PBXBuildFile section */
		5689D7A4272EE20100B02A7B /* Logger+Ext.swift in Sources */ = {isa = PBXBuildFile; fileRef = 5689D7A3272EE20100B02A7B /* Logger+Ext.swift */; };
		56D54FF8271DE17700AF4821 /* PassKitUIApp.swift in Sources */ = {isa = PBXBuildFile; fileRef = 56D54FF7271DE17700AF4821 /* PassKitUIApp.swift */; };
		56D54FFA271DE17700AF4821 /* AddToWalletView.swift in Sources */ = {isa = PBXBuildFile; fileRef = 56D54FF9271DE17700AF4821 /* AddToWalletView.swift */; };
		56D54FFC271DE17800AF4821 /* Assets.xcassets in Resources */ = {isa = PBXBuildFile; fileRef = 56D54FFB271DE17800AF4821 /* Assets.xcassets */; };
		56D54FFF271DE17800AF4821 /* Preview Assets.xcassets in Resources */ = {isa = PBXBuildFile; fileRef = 56D54FFE271DE17800AF4821 /* Preview Assets.xcassets */; };
		56D55006271DE1C200AF4821 /* PassKitView.swift in Sources */ = {isa = PBXBuildFile; fileRef = 56D55005271DE1C200AF4821 /* PassKitView.swift */; };
		56D55008271DE25B00AF4821 /* AddToWalletButton.swift in Sources */ = {isa = PBXBuildFile; fileRef = 56D55007271DE25B00AF4821 /* AddToWalletButton.swift */; };
		56D5500B271DE3DA00AF4821 /* NetworkManager.swift in Sources */ = {isa = PBXBuildFile; fileRef = 56D5500A271DE3DA00AF4821 /* NetworkManager.swift */; };
		56D5500D271DE72C00AF4821 /* ApiError.swift in Sources */ = {isa = PBXBuildFile; fileRef = 56D5500C271DE72C00AF4821 /* ApiError.swift */; };
		56D5500F271DEC9900AF4821 /* Alert.swift in Sources */ = {isa = PBXBuildFile; fileRef = 56D5500E271DEC9900AF4821 /* Alert.swift */; };
/* End PBXBuildFile section */

/* Begin PBXFileReference section */
		5689D7A3272EE20100B02A7B /* Logger+Ext.swift */ = {isa = PBXFileReference; lastKnownFileType = sourcecode.swift; path = "Logger+Ext.swift"; sourceTree = "<group>"; };
		5689D7A5272EE88A00B02A7B /* README.md */ = {isa = PBXFileReference; lastKnownFileType = net.daringfireball.markdown; path = README.md; sourceTree = "<group>"; };
		56D54FF4271DE17700AF4821 /* PassKitUI.app */ = {isa = PBXFileReference; explicitFileType = wrapper.application; includeInIndex = 0; path = PassKitUI.app; sourceTree = BUILT_PRODUCTS_DIR; };
		56D54FF7271DE17700AF4821 /* PassKitUIApp.swift */ = {isa = PBXFileReference; lastKnownFileType = sourcecode.swift; path = PassKitUIApp.swift; sourceTree = "<group>"; };
		56D54FF9271DE17700AF4821 /* AddToWalletView.swift */ = {isa = PBXFileReference; lastKnownFileType = sourcecode.swift; path = AddToWalletView.swift; sourceTree = "<group>"; };
		56D54FFB271DE17800AF4821 /* Assets.xcassets */ = {isa = PBXFileReference; lastKnownFileType = folder.assetcatalog; path = Assets.xcassets; sourceTree = "<group>"; };
		56D54FFE271DE17800AF4821 /* Preview Assets.xcassets */ = {isa = PBXFileReference; lastKnownFileType = folder.assetcatalog; path = "Preview Assets.xcassets"; sourceTree = "<group>"; };
		56D55005271DE1C200AF4821 /* PassKitView.swift */ = {isa = PBXFileReference; lastKnownFileType = sourcecode.swift; path = PassKitView.swift; sourceTree = "<group>"; };
		56D55007271DE25B00AF4821 /* AddToWalletButton.swift */ = {isa = PBXFileReference; lastKnownFileType = sourcecode.swift; path = AddToWalletButton.swift; sourceTree = "<group>"; };
		56D5500A271DE3DA00AF4821 /* NetworkManager.swift */ = {isa = PBXFileReference; lastKnownFileType = sourcecode.swift; path = NetworkManager.swift; sourceTree = "<group>"; };
		56D5500C271DE72C00AF4821 /* ApiError.swift */ = {isa = PBXFileReference; lastKnownFileType = sourcecode.swift; path = ApiError.swift; sourceTree = "<group>"; };
		56D5500E271DEC9900AF4821 /* Alert.swift */ = {isa = PBXFileReference; lastKnownFileType = sourcecode.swift; path = Alert.swift; sourceTree = "<group>"; };
/* End PBXFileReference section */

/* Begin PBXFrameworksBuildPhase section */
		56D54FF1271DE17700AF4821 /* Frameworks */ = {
			isa = PBXFrameworksBuildPhase;
			buildActionMask = 2147483647;
			files = (
			);
			runOnlyForDeploymentPostprocessing = 0;
		};
/* End PBXFrameworksBuildPhase section */

/* Begin PBXGroup section */
		56D54FEB271DE17700AF4821 = {
			isa = PBXGroup;
			children = (
				5689D7A5272EE88A00B02A7B /* README.md */,
				56D54FF6271DE17700AF4821 /* PassKitUI */,
				56D54FF5271DE17700AF4821 /* Products */,
			);
			sourceTree = "<group>";
		};
		56D54FF5271DE17700AF4821 /* Products */ = {
			isa = PBXGroup;
			children = (
				56D54FF4271DE17700AF4821 /* PassKitUI.app */,
			);
			name = Products;
			sourceTree = "<group>";
		};
		56D54FF6271DE17700AF4821 /* PassKitUI */ = {
			isa = PBXGroup;
			children = (
				56D55010271DEDE900AF4821 /* Alerts */,
				56D55009271DE2BA00AF4821 /* UIKIt Components */,
				56D54FF9271DE17700AF4821 /* AddToWalletView.swift */,
				56D5500A271DE3DA00AF4821 /* NetworkManager.swift */,
				5689D7A3272EE20100B02A7B /* Logger+Ext.swift */,
				56D54FF7271DE17700AF4821 /* PassKitUIApp.swift */,
				56D54FFB271DE17800AF4821 /* Assets.xcassets */,
				56D54FFD271DE17800AF4821 /* Preview Content */,
			);
			path = PassKitUI;
			sourceTree = "<group>";
		};
		56D54FFD271DE17800AF4821 /* Preview Content */ = {
			isa = PBXGroup;
			children = (
				56D54FFE271DE17800AF4821 /* Preview Assets.xcassets */,
			);
			path = "Preview Content";
			sourceTree = "<group>";
		};
		56D55009271DE2BA00AF4821 /* UIKIt Components */ = {
			isa = PBXGroup;
			children = (
				56D55005271DE1C200AF4821 /* PassKitView.swift */,
				56D55007271DE25B00AF4821 /* AddToWalletButton.swift */,
			);
			path = "UIKIt Components";
			sourceTree = "<group>";
		};
		56D55010271DEDE900AF4821 /* Alerts */ = {
			isa = PBXGroup;
			children = (
				56D5500C271DE72C00AF4821 /* ApiError.swift */,
				56D5500E271DEC9900AF4821 /* Alert.swift */,
			);
			path = Alerts;
			sourceTree = "<group>";
		};
/* End PBXGroup section */

/* Begin PBXNativeTarget section */
		56D54FF3271DE17700AF4821 /* PassKitUI */ = {
			isa = PBXNativeTarget;
			buildConfigurationList = 56D55002271DE17800AF4821 /* Build configuration list for PBXNativeTarget "PassKitUI" */;
			buildPhases = (
				56D54FF0271DE17700AF4821 /* Sources */,
				56D54FF1271DE17700AF4821 /* Frameworks */,
				56D54FF2271DE17700AF4821 /* Resources */,
			);
			buildRules = (
			);
			dependencies = (
			);
			name = PassKitUI;
			productName = PassKitUI;
			productReference = 56D54FF4271DE17700AF4821 /* PassKitUI.app */;
			productType = "com.apple.product-type.application";
		};
/* End PBXNativeTarget section */

/* Begin PBXProject section */
		56D54FEC271DE17700AF4821 /* Project object */ = {
			isa = PBXProject;
			attributes = {
				BuildIndependentTargetsInParallel = 1;
				LastSwiftUpdateCheck = 1300;
				LastUpgradeCheck = 1300;
				TargetAttributes = {
					56D54FF3271DE17700AF4821 = {
						CreatedOnToolsVersion = 13.0;
					};
				};
			};
			buildConfigurationList = 56D54FEF271DE17700AF4821 /* Build configuration list for PBXProject "PassKitUI" */;
			compatibilityVersion = "Xcode 13.0";
			developmentRegion = en;
			hasScannedForEncodings = 0;
			knownRegions = (
				en,
				Base,
			);
			mainGroup = 56D54FEB271DE17700AF4821;
			productRefGroup = 56D54FF5271DE17700AF4821 /* Products */;
			projectDirPath = "";
			projectRoot = "";
			targets = (
				56D54FF3271DE17700AF4821 /* PassKitUI */,
			);
		};
/* End PBXProject section */

/* Begin PBXResourcesBuildPhase section */
		56D54FF2271DE17700AF4821 /* Resources */ = {
			isa = PBXResourcesBuildPhase;
			buildActionMask = 2147483647;
			files = (
				56D54FFF271DE17800AF4821 /* Preview Assets.xcassets in Resources */,
				56D54FFC271DE17800AF4821 /* Assets.xcassets in Resources */,
			);
			runOnlyForDeploymentPostprocessing = 0;
		};
/* End PBXResourcesBuildPhase section */

/* Begin PBXSourcesBuildPhase section */
		56D54FF0271DE17700AF4821 /* Sources */ = {
			isa = PBXSourcesBuildPhase;
			buildActionMask = 2147483647;
			files = (
				56D5500F271DEC9900AF4821 /* Alert.swift in Sources */,
				56D55006271DE1C200AF4821 /* PassKitView.swift in Sources */,
				56D54FFA271DE17700AF4821 /* AddToWalletView.swift in Sources */,
				56D5500B271DE3DA00AF4821 /* NetworkManager.swift in Sources */,
				56D54FF8271DE17700AF4821 /* PassKitUIApp.swift in Sources */,
				56D55008271DE25B00AF4821 /* AddToWalletButton.swift in Sources */,
				56D5500D271DE72C00AF4821 /* ApiError.swift in Sources */,
				5689D7A4272EE20100B02A7B /* Logger+Ext.swift in Sources */,
			);
			runOnlyForDeploymentPostprocessing = 0;
		};
/* End PBXSourcesBuildPhase section */

/* Begin XCBuildConfiguration section */
		56D55000271DE17800AF4821 /* Debug */ = {
			isa = XCBuildConfiguration;
			buildSettings = {
				ALWAYS_SEARCH_USER_PATHS = NO;
				CLANG_ANALYZER_NONNULL = YES;
				CLANG_ANALYZER_NUMBER_OBJECT_CONVERSION = YES_AGGRESSIVE;
				CLANG_CXX_LANGUAGE_STANDARD = "gnu++17";
				CLANG_CXX_LIBRARY = "libc++";
				CLANG_ENABLE_MODULES = YES;
				CLANG_ENABLE_OBJC_ARC = YES;
				CLANG_ENABLE_OBJC_WEAK = YES;
				CLANG_WARN_BLOCK_CAPTURE_AUTORELEASING = YES;
				CLANG_WARN_BOOL_CONVERSION = YES;
				CLANG_WARN_COMMA = YES;
				CLANG_WARN_CONSTANT_CONVERSION = YES;
				CLANG_WARN_DEPRECATED_OBJC_IMPLEMENTATIONS = YES;
				CLANG_WARN_DIRECT_OBJC_ISA_USAGE = YES_ERROR;
				CLANG_WARN_DOCUMENTATION_COMMENTS = YES;
				CLANG_WARN_EMPTY_BODY = YES;
				CLANG_WARN_ENUM_CONVERSION = YES;
				CLANG_WARN_INFINITE_RECURSION = YES;
				CLANG_WARN_INT_CONVERSION = YES;
				CLANG_WARN_NON_LITERAL_NULL_CONVERSION = YES;
				CLANG_WARN_OBJC_IMPLICIT_RETAIN_SELF = YES;
				CLANG_WARN_OBJC_LITERAL_CONVERSION = YES;
				CLANG_WARN_OBJC_ROOT_CLASS = YES_ERROR;
				CLANG_WARN_QUOTED_INCLUDE_IN_FRAMEWORK_HEADER = YES;
				CLANG_WARN_RANGE_LOOP_ANALYSIS = YES;
				CLANG_WARN_STRICT_PROTOTYPES = YES;
				CLANG_WARN_SUSPICIOUS_MOVE = YES;
				CLANG_WARN_UNGUARDED_AVAILABILITY = YES_AGGRESSIVE;
				CLANG_WARN_UNREACHABLE_CODE = YES;
				CLANG_WARN__DUPLICATE_METHOD_MATCH = YES;
				COPY_PHASE_STRIP = NO;
				DEBUG_INFORMATION_FORMAT = dwarf;
				ENABLE_STRICT_OBJC_MSGSEND = YES;
				ENABLE_TESTABILITY = YES;
				GCC_C_LANGUAGE_STANDARD = gnu11;
				GCC_DYNAMIC_NO_PIC = NO;
				GCC_NO_COMMON_BLOCKS = YES;
				GCC_OPTIMIZATION_LEVEL = 0;
				GCC_PREPROCESSOR_DEFINITIONS = (
					"DEBUG=1",
					"$(inherited)",
				);
				GCC_WARN_64_TO_32_BIT_CONVERSION = YES;
				GCC_WARN_ABOUT_RETURN_TYPE = YES_ERROR;
				GCC_WARN_UNDECLARED_SELECTOR = YES;
				GCC_WARN_UNINITIALIZED_AUTOS = YES_AGGRESSIVE;
				GCC_WARN_UNUSED_FUNCTION = YES;
				GCC_WARN_UNUSED_VARIABLE = YES;
				IPHONEOS_DEPLOYMENT_TARGET = 15.0;
				MTL_ENABLE_DEBUG_INFO = INCLUDE_SOURCE;
				MTL_FAST_MATH = YES;
				ONLY_ACTIVE_ARCH = YES;
				SDKROOT = iphoneos;
				SWIFT_ACTIVE_COMPILATION_CONDITIONS = DEBUG;
				SWIFT_OPTIMIZATION_LEVEL = "-Onone";
			};
			name = Debug;
		};
		56D55001271DE17800AF4821 /* Release */ = {
			isa = XCBuildConfiguration;
			buildSettings = {
				ALWAYS_SEARCH_USER_PATHS = NO;
				CLANG_ANALYZER_NONNULL = YES;
				CLANG_ANALYZER_NUMBER_OBJECT_CONVERSION = YES_AGGRESSIVE;
				CLANG_CXX_LANGUAGE_STANDARD = "gnu++17";
				CLANG_CXX_LIBRARY = "libc++";
				CLANG_ENABLE_MODULES = YES;
				CLANG_ENABLE_OBJC_ARC = YES;
				CLANG_ENABLE_OBJC_WEAK = YES;
				CLANG_WARN_BLOCK_CAPTURE_AUTORELEASING = YES;
				CLANG_WARN_BOOL_CONVERSION = YES;
				CLANG_WARN_COMMA = YES;
				CLANG_WARN_CONSTANT_CONVERSION = YES;
				CLANG_WARN_DEPRECATED_OBJC_IMPLEMENTATIONS = YES;
				CLANG_WARN_DIRECT_OBJC_ISA_USAGE = YES_ERROR;
				CLANG_WARN_DOCUMENTATION_COMMENTS = YES;
				CLANG_WARN_EMPTY_BODY = YES;
				CLANG_WARN_ENUM_CONVERSION = YES;
				CLANG_WARN_INFINITE_RECURSION = YES;
				CLANG_WARN_INT_CONVERSION = YES;
				CLANG_WARN_NON_LITERAL_NULL_CONVERSION = YES;
				CLANG_WARN_OBJC_IMPLICIT_RETAIN_SELF = YES;
				CLANG_WARN_OBJC_LITERAL_CONVERSION = YES;
				CLANG_WARN_OBJC_ROOT_CLASS = YES_ERROR;
				CLANG_WARN_QUOTED_INCLUDE_IN_FRAMEWORK_HEADER = YES;
				CLANG_WARN_RANGE_LOOP_ANALYSIS = YES;
				CLANG_WARN_STRICT_PROTOTYPES = YES;
				CLANG_WARN_SUSPICIOUS_MOVE = YES;
				CLANG_WARN_UNGUARDED_AVAILABILITY = YES_AGGRESSIVE;
				CLANG_WARN_UNREACHABLE_CODE = YES;
				CLANG_WARN__DUPLICATE_METHOD_MATCH = YES;
				COPY_PHASE_STRIP = NO;
				DEBUG_INFORMATION_FORMAT = "dwarf-with-dsym";
				ENABLE_NS_ASSERTIONS = NO;
				ENABLE_STRICT_OBJC_MSGSEND = YES;
				GCC_C_LANGUAGE_STANDARD = gnu11;
				GCC_NO_COMMON_BLOCKS = YES;
				GCC_WARN_64_TO_32_BIT_CONVERSION = YES;
				GCC_WARN_ABOUT_RETURN_TYPE = YES_ERROR;
				GCC_WARN_UNDECLARED_SELECTOR = YES;
				GCC_WARN_UNINITIALIZED_AUTOS = YES_AGGRESSIVE;
				GCC_WARN_UNUSED_FUNCTION = YES;
				GCC_WARN_UNUSED_VARIABLE = YES;
				IPHONEOS_DEPLOYMENT_TARGET = 15.0;
				MTL_ENABLE_DEBUG_INFO = NO;
				MTL_FAST_MATH = YES;
				SDKROOT = iphoneos;
				SWIFT_COMPILATION_MODE = wholemodule;
				SWIFT_OPTIMIZATION_LEVEL = "-O";
				VALIDATE_PRODUCT = YES;
			};
			name = Release;
		};
		56D55003271DE17800AF4821 /* Debug */ = {
			isa = XCBuildConfiguration;
			buildSettings = {
				ASSETCATALOG_COMPILER_APPICON_NAME = AppIcon;
				ASSETCATALOG_COMPILER_GLOBAL_ACCENT_COLOR_NAME = AccentColor;
				CODE_SIGN_STYLE = Automatic;
				CURRENT_PROJECT_VERSION = 1;
				DEVELOPMENT_ASSET_PATHS = "\"PassKitUI/Preview Content\"";
				DEVELOPMENT_TEAM = "";
				ENABLE_PREVIEWS = YES;
				GENERATE_INFOPLIST_FILE = YES;
				INFOPLIST_KEY_UIApplicationSceneManifest_Generation = YES;
				INFOPLIST_KEY_UIApplicationSupportsIndirectInputEvents = YES;
				INFOPLIST_KEY_UILaunchScreen_Generation = YES;
				INFOPLIST_KEY_UISupportedInterfaceOrientations_iPad = "UIInterfaceOrientationPortrait UIInterfaceOrientationPortraitUpsideDown UIInterfaceOrientationLandscapeLeft UIInterfaceOrientationLandscapeRight";
				INFOPLIST_KEY_UISupportedInterfaceOrientations_iPhone = "UIInterfaceOrientationPortrait UIInterfaceOrientationLandscapeLeft UIInterfaceOrientationLandscapeRight";
				IPHONEOS_DEPLOYMENT_TARGET = 14.0;
				LD_RUNPATH_SEARCH_PATHS = (
					"$(inherited)",
					"@executable_path/Frameworks",
				);
				MARKETING_VERSION = 1.0;
				PRODUCT_BUNDLE_IDENTIFIER = studio.blueblaze.PassKitUI;
				PRODUCT_NAME = "$(TARGET_NAME)";
				SWIFT_EMIT_LOC_STRINGS = YES;
				SWIFT_VERSION = 5.0;
				TARGETED_DEVICE_FAMILY = "1,2";
			};
			name = Debug;
		};
		56D55004271DE17800AF4821 /* Release */ = {
			isa = XCBuildConfiguration;
			buildSettings = {
				ASSETCATALOG_COMPILER_APPICON_NAME = AppIcon;
				ASSETCATALOG_COMPILER_GLOBAL_ACCENT_COLOR_NAME = AccentColor;
				CODE_SIGN_STYLE = Automatic;
				CURRENT_PROJECT_VERSION = 1;
				DEVELOPMENT_ASSET_PATHS = "\"PassKitUI/Preview Content\"";
				DEVELOPMENT_TEAM = "";
				ENABLE_PREVIEWS = YES;
				GENERATE_INFOPLIST_FILE = YES;
				INFOPLIST_KEY_UIApplicationSceneManifest_Generation = YES;
				INFOPLIST_KEY_UIApplicationSupportsIndirectInputEvents = YES;
				INFOPLIST_KEY_UILaunchScreen_Generation = YES;
				INFOPLIST_KEY_UISupportedInterfaceOrientations_iPad = "UIInterfaceOrientationPortrait UIInterfaceOrientationPortraitUpsideDown UIInterfaceOrientationLandscapeLeft UIInterfaceOrientationLandscapeRight";
				INFOPLIST_KEY_UISupportedInterfaceOrientations_iPhone = "UIInterfaceOrientationPortrait UIInterfaceOrientationLandscapeLeft UIInterfaceOrientationLandscapeRight";
				IPHONEOS_DEPLOYMENT_TARGET = 14.0;
				LD_RUNPATH_SEARCH_PATHS = (
					"$(inherited)",
					"@executable_path/Frameworks",
				);
				MARKETING_VERSION = 1.0;
				PRODUCT_BUNDLE_IDENTIFIER = studio.blueblaze.PassKitUI;
				PRODUCT_NAME = "$(TARGET_NAME)";
				SWIFT_EMIT_LOC_STRINGS = YES;
				SWIFT_VERSION = 5.0;
				TARGETED_DEVICE_FAMILY = "1,2";
			};
			name = Release;
		};
/* End XCBuildConfiguration section */

/* Begin XCConfigurationList section */
		56D54FEF271DE17700AF4821 /* Build configuration list for PBXProject "PassKitUI" */ = {
			isa = XCConfigurationList;
			buildConfigurations = (
				56D55000271DE17800AF4821 /* Debug */,
				56D55001271DE17800AF4821 /* Release */,
			);
			defaultConfigurationIsVisible = 0;
			defaultConfigurationName = Release;
		};
		56D55002271DE17800AF4821 /* Build configuration list for PBXNativeTarget "PassKitUI" */ = {
			isa = XCConfigurationList;
			buildConfigurations = (
				56D55003271DE17800AF4821 /* Debug */,
				56D55004271DE17800AF4821 /* Release */,
			);
			defaultConfigurationIsVisible = 0;
			defaultConfigurationName = Release;
		};
/* End XCConfigurationList section */
	};
	rootObject = 56D54FEC271DE17700AF4821 /* Project object */;
}
